// !$*UTF8*$!
{
	archiveVersion = 1;
	classes = {
	};
	objectVersion = 55;
	objects = {

/* Begin PBXBuildFile section */
		A21F4EE7270EBB0B0040706D /* GameMenuView.swift in Sources */ = {isa = PBXBuildFile; fileRef = A21F4EE6270EBB0B0040706D /* GameMenuView.swift */; };
		A21F4EE9270EC5E90040706D /* Theme.swift in Sources */ = {isa = PBXBuildFile; fileRef = A21F4EE8270EC5E90040706D /* Theme.swift */; };
		A21F4EEB270F7A090040706D /* AspectVGrid.swift in Sources */ = {isa = PBXBuildFile; fileRef = A21F4EEA270F7A090040706D /* AspectVGrid.swift */; };
		A21F4EED271534080040706D /* SettingsView.swift in Sources */ = {isa = PBXBuildFile; fileRef = A21F4EEC271534080040706D /* SettingsView.swift */; };
		A21F4EEF271667760040706D /* ColorHelper.swift in Sources */ = {isa = PBXBuildFile; fileRef = A21F4EEE271667760040706D /* ColorHelper.swift */; };
		A2267CCB26F394E1001F02ED /* Pie.swift in Sources */ = {isa = PBXBuildFile; fileRef = A2267CCA26F394E1001F02ED /* Pie.swift */; };
		A2435A8F2707834500F52B0A /* Array+Only.swift in Sources */ = {isa = PBXBuildFile; fileRef = A2435A8E2707834500F52B0A /* Array+Only.swift */; };
		A25E1EB126E91A6100452E1E /* ConcentrationHW3App.swift in Sources */ = {isa = PBXBuildFile; fileRef = A25E1EB026E91A6100452E1E /* ConcentrationHW3App.swift */; };
		A25E1EB326E91A6100452E1E /* EmojiGameView.swift in Sources */ = {isa = PBXBuildFile; fileRef = A25E1EB226E91A6100452E1E /* EmojiGameView.swift */; };
		A25E1EB526E91A6800452E1E /* Assets.xcassets in Resources */ = {isa = PBXBuildFile; fileRef = A25E1EB426E91A6800452E1E /* Assets.xcassets */; };
		A25E1EB826E91A6800452E1E /* Preview Assets.xcassets in Resources */ = {isa = PBXBuildFile; fileRef = A25E1EB726E91A6800452E1E /* Preview Assets.xcassets */; };
		A25E1EBF26E981C000452E1E /* ConcentrationGame.swift in Sources */ = {isa = PBXBuildFile; fileRef = A25E1EBE26E981C000452E1E /* ConcentrationGame.swift */; };
		A25E1EC126E982EE00452E1E /* EmojiConcentrationGame.swift in Sources */ = {isa = PBXBuildFile; fileRef = A25E1EC026E982EE00452E1E /* EmojiConcentrationGame.swift */; };
		A25E1EC326EA513A00452E1E /* CardView.swift in Sources */ = {isa = PBXBuildFile; fileRef = A25E1EC226EA513A00452E1E /* CardView.swift */; };
		A25E1EC926EA5B9700452E1E /* Array+Identifiable.swift in Sources */ = {isa = PBXBuildFile; fileRef = A25E1EC826EA5B9700452E1E /* Array+Identifiable.swift */; };
		A28367BC26FA21170078EF34 /* Cardify.swift in Sources */ = {isa = PBXBuildFile; fileRef = A28367BB26FA21170078EF34 /* Cardify.swift */; };
/* End PBXBuildFile section */

/* Begin PBXFileReference section */
		A21F4EE6270EBB0B0040706D /* GameMenuView.swift */ = {isa = PBXFileReference; lastKnownFileType = sourcecode.swift; path = GameMenuView.swift; sourceTree = "<group>"; };
		A21F4EE8270EC5E90040706D /* Theme.swift */ = {isa = PBXFileReference; lastKnownFileType = sourcecode.swift; path = Theme.swift; sourceTree = "<group>"; };
		A21F4EEA270F7A090040706D /* AspectVGrid.swift */ = {isa = PBXFileReference; lastKnownFileType = sourcecode.swift; path = AspectVGrid.swift; sourceTree = "<group>"; };
		A21F4EEC271534080040706D /* SettingsView.swift */ = {isa = PBXFileReference; lastKnownFileType = sourcecode.swift; path = SettingsView.swift; sourceTree = "<group>"; };
		A21F4EEE271667760040706D /* ColorHelper.swift */ = {isa = PBXFileReference; lastKnownFileType = sourcecode.swift; path = ColorHelper.swift; sourceTree = "<group>"; };
		A2267CCA26F394E1001F02ED /* Pie.swift */ = {isa = PBXFileReference; lastKnownFileType = sourcecode.swift; path = Pie.swift; sourceTree = "<group>"; };
		A2435A8E2707834500F52B0A /* Array+Only.swift */ = {isa = PBXFileReference; lastKnownFileType = sourcecode.swift; path = "Array+Only.swift"; sourceTree = "<group>"; };
		A25E1EAD26E91A6100452E1E /* ConcentrationHW3.app */ = {isa = PBXFileReference; explicitFileType = wrapper.application; includeInIndex = 0; path = ConcentrationHW3.app; sourceTree = BUILT_PRODUCTS_DIR; };
		A25E1EB026E91A6100452E1E /* ConcentrationHW3App.swift */ = {isa = PBXFileReference; lastKnownFileType = sourcecode.swift; path = ConcentrationHW3App.swift; sourceTree = "<group>"; };
		A25E1EB226E91A6100452E1E /* EmojiGameView.swift */ = {isa = PBXFileReference; lastKnownFileType = sourcecode.swift; path = EmojiGameView.swift; sourceTree = "<group>"; };
		A25E1EB426E91A6800452E1E /* Assets.xcassets */ = {isa = PBXFileReference; lastKnownFileType = folder.assetcatalog; path = Assets.xcassets; sourceTree = "<group>"; };
		A25E1EB726E91A6800452E1E /* Preview Assets.xcassets */ = {isa = PBXFileReference; lastKnownFileType = folder.assetcatalog; path = "Preview Assets.xcassets"; sourceTree = "<group>"; };
		A25E1EBE26E981C000452E1E /* ConcentrationGame.swift */ = {isa = PBXFileReference; lastKnownFileType = sourcecode.swift; path = ConcentrationGame.swift; sourceTree = "<group>"; };
		A25E1EC026E982EE00452E1E /* EmojiConcentrationGame.swift */ = {isa = PBXFileReference; lastKnownFileType = sourcecode.swift; path = EmojiConcentrationGame.swift; sourceTree = "<group>"; };
		A25E1EC226EA513A00452E1E /* CardView.swift */ = {isa = PBXFileReference; lastKnownFileType = sourcecode.swift; path = CardView.swift; sourceTree = "<group>"; };
		A25E1EC826EA5B9700452E1E /* Array+Identifiable.swift */ = {isa = PBXFileReference; lastKnownFileType = sourcecode.swift; path = "Array+Identifiable.swift"; sourceTree = "<group>"; };
		A28367BB26FA21170078EF34 /* Cardify.swift */ = {isa = PBXFileReference; lastKnownFileType = sourcecode.swift; path = Cardify.swift; sourceTree = "<group>"; };
/* End PBXFileReference section */

/* Begin PBXFrameworksBuildPhase section */
		A25E1EAA26E91A6100452E1E /* Frameworks */ = {
			isa = PBXFrameworksBuildPhase;
			buildActionMask = 2147483647;
			files = (
			);
			runOnlyForDeploymentPostprocessing = 0;
		};
/* End PBXFrameworksBuildPhase section */

/* Begin PBXGroup section */
		A25E1EA426E91A6100452E1E = {
			isa = PBXGroup;
			children = (
				A25E1EAF26E91A6100452E1E /* ConcentrationHW3 */,
				A25E1EAE26E91A6100452E1E /* Products */,
			);
			sourceTree = "<group>";
		};
		A25E1EAE26E91A6100452E1E /* Products */ = {
			isa = PBXGroup;
			children = (
				A25E1EAD26E91A6100452E1E /* ConcentrationHW3.app */,
			);
			name = Products;
			sourceTree = "<group>";
		};
		A25E1EAF26E91A6100452E1E /* ConcentrationHW3 */ = {
			isa = PBXGroup;
			children = (
				A25E1EB426E91A6800452E1E /* Assets.xcassets */,
				A25E1EC426EA520C00452E1E /* Model */,
				A25E1EB626E91A6800452E1E /* Preview Content */,
				A25E1EC726EA5B8400452E1E /* Utility */,
				A25E1EC526EA521300452E1E /* View */,
				A25E1EC626EA521900452E1E /* ViewModel */,
			);
			path = ConcentrationHW3;
			sourceTree = "<group>";
		};
		A25E1EB626E91A6800452E1E /* Preview Content */ = {
			isa = PBXGroup;
			children = (
				A25E1EB726E91A6800452E1E /* Preview Assets.xcassets */,
			);
			path = "Preview Content";
			sourceTree = "<group>";
		};
		A25E1EC426EA520C00452E1E /* Model */ = {
			isa = PBXGroup;
			children = (
				A25E1EBE26E981C000452E1E /* ConcentrationGame.swift */,
				A21F4EE8270EC5E90040706D /* Theme.swift */,
			);
			path = Model;
			sourceTree = "<group>";
		};
		A25E1EC526EA521300452E1E /* View */ = {
			isa = PBXGroup;
			children = (
				A21F4EEA270F7A090040706D /* AspectVGrid.swift */,
				A28367BB26FA21170078EF34 /* Cardify.swift */,
				A25E1EC226EA513A00452E1E /* CardView.swift */,
				A25E1EB026E91A6100452E1E /* ConcentrationHW3App.swift */,
				A25E1EB226E91A6100452E1E /* EmojiGameView.swift */,
				A21F4EE6270EBB0B0040706D /* GameMenuView.swift */,
				A2267CCA26F394E1001F02ED /* Pie.swift */,
				A21F4EEC271534080040706D /* SettingsView.swift */,
			);
			path = View;
			sourceTree = "<group>";
		};
		A25E1EC626EA521900452E1E /* ViewModel */ = {
			isa = PBXGroup;
			children = (
				A25E1EC026E982EE00452E1E /* EmojiConcentrationGame.swift */,
				A21F4EEE271667760040706D /* ColorHelper.swift */,
			);
			path = ViewModel;
			sourceTree = "<group>";
		};
		A25E1EC726EA5B8400452E1E /* Utility */ = {
			isa = PBXGroup;
			children = (
				A25E1EC826EA5B9700452E1E /* Array+Identifiable.swift */,
				A2435A8E2707834500F52B0A /* Array+Only.swift */,
			);
			path = Utility;
			sourceTree = "<group>";
		};
/* End PBXGroup section */

/* Begin PBXNativeTarget section */
		A25E1EAC26E91A6100452E1E /* ConcentrationHW3 */ = {
			isa = PBXNativeTarget;
			buildConfigurationList = A25E1EBB26E91A6800452E1E /* Build configuration list for PBXNativeTarget "ConcentrationHW3" */;
			buildPhases = (
				A25E1EA926E91A6100452E1E /* Sources */,
				A25E1EAA26E91A6100452E1E /* Frameworks */,
				A25E1EAB26E91A6100452E1E /* Resources */,
			);
			buildRules = (
			);
			dependencies = (
			);
			name = ConcentrationHW3;
			productName = ConcentrationHW3;
			productReference = A25E1EAD26E91A6100452E1E /* ConcentrationHW3.app */;
			productType = "com.apple.product-type.application";
		};
/* End PBXNativeTarget section */

/* Begin PBXProject section */
		A25E1EA526E91A6100452E1E /* Project object */ = {
			isa = PBXProject;
			attributes = {
				BuildIndependentTargetsInParallel = 1;
				LastSwiftUpdateCheck = 1300;
				LastUpgradeCheck = 1300;
				TargetAttributes = {
					A25E1EAC26E91A6100452E1E = {
						CreatedOnToolsVersion = 13.0;
					};
				};
			};
			buildConfigurationList = A25E1EA826E91A6100452E1E /* Build configuration list for PBXProject "ConcentrationHW3" */;
			compatibilityVersion = "Xcode 13.0";
			developmentRegion = en;
			hasScannedForEncodings = 0;
			knownRegions = (
				en,
				Base,
			);
			mainGroup = A25E1EA426E91A6100452E1E;
			productRefGroup = A25E1EAE26E91A6100452E1E /* Products */;
			projectDirPath = "";
			projectRoot = "";
			targets = (
				A25E1EAC26E91A6100452E1E /* ConcentrationHW3 */,
			);
		};
/* End PBXProject section */

/* Begin PBXResourcesBuildPhase section */
		A25E1EAB26E91A6100452E1E /* Resources */ = {
			isa = PBXResourcesBuildPhase;
			buildActionMask = 2147483647;
			files = (
				A25E1EB826E91A6800452E1E /* Preview Assets.xcassets in Resources */,
				A25E1EB526E91A6800452E1E /* Assets.xcassets in Resources */,
			);
			runOnlyForDeploymentPostprocessing = 0;
		};
/* End PBXResourcesBuildPhase section */

/* Begin PBXSourcesBuildPhase section */
		A25E1EA926E91A6100452E1E /* Sources */ = {
			isa = PBXSourcesBuildPhase;
			buildActionMask = 2147483647;
			files = (
				A25E1EC126E982EE00452E1E /* EmojiConcentrationGame.swift in Sources */,
				A25E1EBF26E981C000452E1E /* ConcentrationGame.swift in Sources */,
				A28367BC26FA21170078EF34 /* Cardify.swift in Sources */,
				A2435A8F2707834500F52B0A /* Array+Only.swift in Sources */,
				A21F4EE9270EC5E90040706D /* Theme.swift in Sources */,
				A21F4EEF271667760040706D /* ColorHelper.swift in Sources */,
				A25E1EB326E91A6100452E1E /* EmojiGameView.swift in Sources */,
				A25E1EB126E91A6100452E1E /* ConcentrationHW3App.swift in Sources */,
				A2267CCB26F394E1001F02ED /* Pie.swift in Sources */,
				A21F4EEB270F7A090040706D /* AspectVGrid.swift in Sources */,
				A25E1EC926EA5B9700452E1E /* Array+Identifiable.swift in Sources */,
				A25E1EC326EA513A00452E1E /* CardView.swift in Sources */,
				A21F4EE7270EBB0B0040706D /* GameMenuView.swift in Sources */,
				A21F4EED271534080040706D /* SettingsView.swift in Sources */,
			);
			runOnlyForDeploymentPostprocessing = 0;
		};
/* End PBXSourcesBuildPhase section */

/* Begin XCBuildConfiguration section */
		A25E1EB926E91A6800452E1E /* Debug */ = {
			isa = XCBuildConfiguration;
			buildSettings = {
				ALWAYS_SEARCH_USER_PATHS = NO;
				CLANG_ANALYZER_NONNULL = YES;
				CLANG_ANALYZER_NUMBER_OBJECT_CONVERSION = YES_AGGRESSIVE;
				CLANG_CXX_LANGUAGE_STANDARD = "gnu++17";
				CLANG_CXX_LIBRARY = "libc++";
				CLANG_ENABLE_MODULES = YES;
				CLANG_ENABLE_OBJC_ARC = YES;
				CLANG_ENABLE_OBJC_WEAK = YES;
				CLANG_WARN_BLOCK_CAPTURE_AUTORELEASING = YES;
				CLANG_WARN_BOOL_CONVERSION = YES;
				CLANG_WARN_COMMA = YES;
				CLANG_WARN_CONSTANT_CONVERSION = YES;
				CLANG_WARN_DEPRECATED_OBJC_IMPLEMENTATIONS = YES;
				CLANG_WARN_DIRECT_OBJC_ISA_USAGE = YES_ERROR;
				CLANG_WARN_DOCUMENTATION_COMMENTS = YES;
				CLANG_WARN_EMPTY_BODY = YES;
				CLANG_WARN_ENUM_CONVERSION = YES;
				CLANG_WARN_INFINITE_RECURSION = YES;
				CLANG_WARN_INT_CONVERSION = YES;
				CLANG_WARN_NON_LITERAL_NULL_CONVERSION = YES;
				CLANG_WARN_OBJC_IMPLICIT_RETAIN_SELF = YES;
				CLANG_WARN_OBJC_LITERAL_CONVERSION = YES;
				CLANG_WARN_OBJC_ROOT_CLASS = YES_ERROR;
				CLANG_WARN_QUOTED_INCLUDE_IN_FRAMEWORK_HEADER = YES;
				CLANG_WARN_RANGE_LOOP_ANALYSIS = YES;
				CLANG_WARN_STRICT_PROTOTYPES = YES;
				CLANG_WARN_SUSPICIOUS_MOVE = YES;
				CLANG_WARN_UNGUARDED_AVAILABILITY = YES_AGGRESSIVE;
				CLANG_WARN_UNREACHABLE_CODE = YES;
				CLANG_WARN__DUPLICATE_METHOD_MATCH = YES;
				COPY_PHASE_STRIP = NO;
				DEBUG_INFORMATION_FORMAT = dwarf;
				ENABLE_STRICT_OBJC_MSGSEND = YES;
				ENABLE_TESTABILITY = YES;
				GCC_C_LANGUAGE_STANDARD = gnu11;
				GCC_DYNAMIC_NO_PIC = NO;
				GCC_NO_COMMON_BLOCKS = YES;
				GCC_OPTIMIZATION_LEVEL = 0;
				GCC_PREPROCESSOR_DEFINITIONS = (
					"DEBUG=1",
					"$(inherited)",
				);
				GCC_WARN_64_TO_32_BIT_CONVERSION = YES;
				GCC_WARN_ABOUT_RETURN_TYPE = YES_ERROR;
				GCC_WARN_UNDECLARED_SELECTOR = YES;
				GCC_WARN_UNINITIALIZED_AUTOS = YES_AGGRESSIVE;
				GCC_WARN_UNUSED_FUNCTION = YES;
				GCC_WARN_UNUSED_VARIABLE = YES;
				IPHONEOS_DEPLOYMENT_TARGET = 15.0;
				MTL_ENABLE_DEBUG_INFO = INCLUDE_SOURCE;
				MTL_FAST_MATH = YES;
				ONLY_ACTIVE_ARCH = YES;
				SDKROOT = iphoneos;
				SWIFT_ACTIVE_COMPILATION_CONDITIONS = DEBUG;
				SWIFT_OPTIMIZATION_LEVEL = "-Onone";
			};
			name = Debug;
		};
		A25E1EBA26E91A6800452E1E /* Release */ = {
			isa = XCBuildConfiguration;
			buildSettings = {
				ALWAYS_SEARCH_USER_PATHS = NO;
				CLANG_ANALYZER_NONNULL = YES;
				CLANG_ANALYZER_NUMBER_OBJECT_CONVERSION = YES_AGGRESSIVE;
				CLANG_CXX_LANGUAGE_STANDARD = "gnu++17";
				CLANG_CXX_LIBRARY = "libc++";
				CLANG_ENABLE_MODULES = YES;
				CLANG_ENABLE_OBJC_ARC = YES;
				CLANG_ENABLE_OBJC_WEAK = YES;
				CLANG_WARN_BLOCK_CAPTURE_AUTORELEASING = YES;
				CLANG_WARN_BOOL_CONVERSION = YES;
				CLANG_WARN_COMMA = YES;
				CLANG_WARN_CONSTANT_CONVERSION = YES;
				CLANG_WARN_DEPRECATED_OBJC_IMPLEMENTATIONS = YES;
				CLANG_WARN_DIRECT_OBJC_ISA_USAGE = YES_ERROR;
				CLANG_WARN_DOCUMENTATION_COMMENTS = YES;
				CLANG_WARN_EMPTY_BODY = YES;
				CLANG_WARN_ENUM_CONVERSION = YES;
				CLANG_WARN_INFINITE_RECURSION = YES;
				CLANG_WARN_INT_CONVERSION = YES;
				CLANG_WARN_NON_LITERAL_NULL_CONVERSION = YES;
				CLANG_WARN_OBJC_IMPLICIT_RETAIN_SELF = YES;
				CLANG_WARN_OBJC_LITERAL_CONVERSION = YES;
				CLANG_WARN_OBJC_ROOT_CLASS = YES_ERROR;
				CLANG_WARN_QUOTED_INCLUDE_IN_FRAMEWORK_HEADER = YES;
				CLANG_WARN_RANGE_LOOP_ANALYSIS = YES;
				CLANG_WARN_STRICT_PROTOTYPES = YES;
				CLANG_WARN_SUSPICIOUS_MOVE = YES;
				CLANG_WARN_UNGUARDED_AVAILABILITY = YES_AGGRESSIVE;
				CLANG_WARN_UNREACHABLE_CODE = YES;
				CLANG_WARN__DUPLICATE_METHOD_MATCH = YES;
				COPY_PHASE_STRIP = NO;
				DEBUG_INFORMATION_FORMAT = "dwarf-with-dsym";
				ENABLE_NS_ASSERTIONS = NO;
				ENABLE_STRICT_OBJC_MSGSEND = YES;
				GCC_C_LANGUAGE_STANDARD = gnu11;
				GCC_NO_COMMON_BLOCKS = YES;
				GCC_WARN_64_TO_32_BIT_CONVERSION = YES;
				GCC_WARN_ABOUT_RETURN_TYPE = YES_ERROR;
				GCC_WARN_UNDECLARED_SELECTOR = YES;
				GCC_WARN_UNINITIALIZED_AUTOS = YES_AGGRESSIVE;
				GCC_WARN_UNUSED_FUNCTION = YES;
				GCC_WARN_UNUSED_VARIABLE = YES;
				IPHONEOS_DEPLOYMENT_TARGET = 15.0;
				MTL_ENABLE_DEBUG_INFO = NO;
				MTL_FAST_MATH = YES;
				SDKROOT = iphoneos;
				SWIFT_COMPILATION_MODE = wholemodule;
				SWIFT_OPTIMIZATION_LEVEL = "-O";
				VALIDATE_PRODUCT = YES;
			};
			name = Release;
		};
		A25E1EBC26E91A6800452E1E /* Debug */ = {
			isa = XCBuildConfiguration;
			buildSettings = {
				ASSETCATALOG_COMPILER_APPICON_NAME = AppIcon;
				ASSETCATALOG_COMPILER_GLOBAL_ACCENT_COLOR_NAME = AccentColor;
				CODE_SIGN_STYLE = Automatic;
				CURRENT_PROJECT_VERSION = 1;
				DEVELOPMENT_ASSET_PATHS = "\"ConcentrationHW3/Preview Content\"";
				DEVELOPMENT_TEAM = 7ZP37GX4H5;
				ENABLE_PREVIEWS = YES;
				GENERATE_INFOPLIST_FILE = YES;
				INFOPLIST_KEY_UIApplicationSceneManifest_Generation = YES;
				INFOPLIST_KEY_UIApplicationSupportsIndirectInputEvents = YES;
				INFOPLIST_KEY_UILaunchScreen_Generation = YES;
				INFOPLIST_KEY_UISupportedInterfaceOrientations_iPad = "UIInterfaceOrientationPortrait UIInterfaceOrientationPortraitUpsideDown UIInterfaceOrientationLandscapeLeft UIInterfaceOrientationLandscapeRight";
				INFOPLIST_KEY_UISupportedInterfaceOrientations_iPhone = "UIInterfaceOrientationPortrait UIInterfaceOrientationLandscapeLeft UIInterfaceOrientationLandscapeRight";
				IPHONEOS_DEPLOYMENT_TARGET = 15.0;
				LD_RUNPATH_SEARCH_PATHS = (
					"$(inherited)",
					"@executable_path/Frameworks",
				);
				MARKETING_VERSION = 1.0;
				PRODUCT_BUNDLE_IDENTIFIER = com.example.katiebankhead.ConcentrationHW3;
				PRODUCT_NAME = "$(TARGET_NAME)";
				SWIFT_EMIT_LOC_STRINGS = YES;
				SWIFT_VERSION = 5.0;
				TARGETED_DEVICE_FAMILY = "1,2";
			};
			name = Debug;
		};
		A25E1EBD26E91A6800452E1E /* Release */ = {
			isa = XCBuildConfiguration;
			buildSettings = {
				ASSETCATALOG_COMPILER_APPICON_NAME = AppIcon;
				ASSETCATALOG_COMPILER_GLOBAL_ACCENT_COLOR_NAME = AccentColor;
				CODE_SIGN_STYLE = Automatic;
				CURRENT_PROJECT_VERSION = 1;
				DEVELOPMENT_ASSET_PATHS = "\"ConcentrationHW3/Preview Content\"";
				DEVELOPMENT_TEAM = 7ZP37GX4H5;
				ENABLE_PREVIEWS = YES;
				GENERATE_INFOPLIST_FILE = YES;
				INFOPLIST_KEY_UIApplicationSceneManifest_Generation = YES;
				INFOPLIST_KEY_UIApplicationSupportsIndirectInputEvents = YES;
				INFOPLIST_KEY_UILaunchScreen_Generation = YES;
				INFOPLIST_KEY_UISupportedInterfaceOrientations_iPad = "UIInterfaceOrientationPortrait UIInterfaceOrientationPortraitUpsideDown UIInterfaceOrientationLandscapeLeft UIInterfaceOrientationLandscapeRight";
				INFOPLIST_KEY_UISupportedInterfaceOrientations_iPhone = "UIInterfaceOrientationPortrait UIInterfaceOrientationLandscapeLeft UIInterfaceOrientationLandscapeRight";
				IPHONEOS_DEPLOYMENT_TARGET = 15.0;
				LD_RUNPATH_SEARCH_PATHS = (
					"$(inherited)",
					"@executable_path/Frameworks",
				);
				MARKETING_VERSION = 1.0;
				PRODUCT_BUNDLE_IDENTIFIER = com.example.katiebankhead.ConcentrationHW3;
				PRODUCT_NAME = "$(TARGET_NAME)";
				SWIFT_EMIT_LOC_STRINGS = YES;
				SWIFT_VERSION = 5.0;
				TARGETED_DEVICE_FAMILY = "1,2";
			};
			name = Release;
		};
/* End XCBuildConfiguration section */

/* Begin XCConfigurationList section */
		A25E1EA826E91A6100452E1E /* Build configuration list for PBXProject "ConcentrationHW3" */ = {
			isa = XCConfigurationList;
			buildConfigurations = (
				A25E1EB926E91A6800452E1E /* Debug */,
				A25E1EBA26E91A6800452E1E /* Release */,
			);
			defaultConfigurationIsVisible = 0;
			defaultConfigurationName = Release;
		};
		A25E1EBB26E91A6800452E1E /* Build configuration list for PBXNativeTarget "ConcentrationHW3" */ = {
			isa = XCConfigurationList;
			buildConfigurations = (
				A25E1EBC26E91A6800452E1E /* Debug */,
				A25E1EBD26E91A6800452E1E /* Release */,
			);
			defaultConfigurationIsVisible = 0;
			defaultConfigurationName = Release;
		};
/* End XCConfigurationList section */
	};
	rootObject = A25E1EA526E91A6100452E1E /* Project object */;
}
